
Microsoft Visual Studio Solution File, Format Version 12.00
# Visual Studio Version 17
VisualStudioVersion = 17.13.35931.197 d17.13
MinimumVisualStudioVersion = 10.0.40219.1
Project("{FAE04EC0-301F-11D3-BF4B-00C04F79EFBC}") = "UniNotes", "UniNotes\UniNotes.csproj", "{296098F9-B77C-45C7-9F46-11F70E6084AD}"
EndProject
Global
	GlobalSection(SolutionConfigurationPlatforms) = preSolution
		Debug|Any CPU = Debug|Any CPU
		Release|Any CPU = Release|Any CPU
	EndGlobalSection
	GlobalSection(ProjectConfigurationPlatforms) = postSolution
		{296098F9-B77C-45C7-9F46-11F70E6084AD}.Debug|Any CPU.ActiveCfg = Debug|Any CPU
		{296098F9-B77C-45C7-9F46-11F70E6084AD}.Debug|Any CPU.Build.0 = Debug|Any CPU
		{296098F9-B77C-45C7-9F46-11F70E6084AD}.Release|Any CPU.ActiveCfg = Release|Any CPU
		{296098F9-B77C-45C7-9F46-11F70E6084AD}.Release|Any CPU.Build.0 = Release|Any CPU
	EndGlobalSection
	GlobalSection(SolutionProperties) = preSolution
		HideSolutionNode = FALSE
	EndGlobalSection
	GlobalSection(ExtensibilityGlobals) = postSolution
		SolutionGuid = {9D350774-959F-4A7E-8198-EAC06D595BE5}
	EndGlobalSection
EndGlobal
